
Microsoft Visual Studio Solution File, Format Version 12.00
# Visual Studio 15
VisualStudioVersion = 15.0.28010.2046
MinimumVisualStudioVersion = 10.0.40219.1
Project("{FAE04EC0-301F-11D3-BF4B-00C04F79EFBC}") = "Colecciones", "Colecciones\Colecciones.csproj", "{1148EEC0-71D0-4C99-BA2D-9210793E6432}"
EndProject
Global
	GlobalSection(SolutionConfigurationPlatforms) = preSolution
		Debug|Any CPU = Debug|Any CPU
		Release|Any CPU = Release|Any CPU
	EndGlobalSection
	GlobalSection(ProjectConfigurationPlatforms) = postSolution
		{1148EEC0-71D0-4C99-BA2D-9210793E6432}.Debug|Any CPU.ActiveCfg = Debug|Any CPU
		{1148EEC0-71D0-4C99-BA2D-9210793E6432}.Debug|Any CPU.Build.0 = Debug|Any CPU
		{1148EEC0-71D0-4C99-BA2D-9210793E6432}.Release|Any CPU.ActiveCfg = Release|Any CPU
		{1148EEC0-71D0-4C99-BA2D-9210793E6432}.Release|Any CPU.Build.0 = Release|Any CPU
	EndGlobalSection
	GlobalSection(SolutionProperties) = preSolution
		HideSolutionNode = FALSE
	EndGlobalSection
	GlobalSection(ExtensibilityGlobals) = postSolution
		SolutionGuid = {05C49F3F-ACCA-4708-8FB6-E3E2A74CFF16}
	EndGlobalSection
EndGlobal
