
Microsoft Visual Studio Solution File, Format Version 12.00
# Visual Studio 15
VisualStudioVersion = 15.0.28010.2046
MinimumVisualStudioVersion = 10.0.40219.1
Project("{FAE04EC0-301F-11D3-BF4B-00C04F79EFBC}") = "OperadorTernario", "OperadorTernario\OperadorTernario.csproj", "{DB336E1E-A926-4E93-8063-29F03A41C606}"
EndProject
Global
	GlobalSection(SolutionConfigurationPlatforms) = preSolution
		Debug|Any CPU = Debug|Any CPU
		Release|Any CPU = Release|Any CPU
	EndGlobalSection
	GlobalSection(ProjectConfigurationPlatforms) = postSolution
		{DB336E1E-A926-4E93-8063-29F03A41C606}.Debug|Any CPU.ActiveCfg = Debug|Any CPU
		{DB336E1E-A926-4E93-8063-29F03A41C606}.Debug|Any CPU.Build.0 = Debug|Any CPU
		{DB336E1E-A926-4E93-8063-29F03A41C606}.Release|Any CPU.ActiveCfg = Release|Any CPU
		{DB336E1E-A926-4E93-8063-29F03A41C606}.Release|Any CPU.Build.0 = Release|Any CPU
	EndGlobalSection
	GlobalSection(SolutionProperties) = preSolution
		HideSolutionNode = FALSE
	EndGlobalSection
	GlobalSection(ExtensibilityGlobals) = postSolution
		SolutionGuid = {D11C7B23-F93B-483C-B996-F7A4376F7588}
	EndGlobalSection
EndGlobal
